
Microsoft Visual Studio Solution File, Format Version 12.00
# Visual Studio Version 17
VisualStudioVersion = 17.12.35521.163
MinimumVisualStudioVersion = 10.0.40219.1
Project("{FAE04EC0-301F-11D3-BF4B-00C04F79EFBC}") = "ConsoleApp1", "ConsoleApp1\ConsoleApp1.csproj", "{15A7E840-560E-4D59-A269-5129913A7D3F}"
EndProject
Project("{FAE04EC0-301F-11D3-BF4B-00C04F79EFBC}") = "Delegates", "Delegates\Delegates.csproj", "{1FB34FF3-B06A-434F-93AC-D41C142B48E9}"
EndProject
Project("{FAE04EC0-301F-11D3-BF4B-00C04F79EFBC}") = "DependencyInjection", "DependencyInjection\DependencyInjection.csproj", "{6C20FBB2-5B91-477D-9521-6A749FF81E45}"
EndProject
Project("{FAE04EC0-301F-11D3-BF4B-00C04F79EFBC}") = "LinQ", "LinQ\LinQ.csproj", "{80332789-DCFF-4543-BFFE-08005F80B18A}"
EndProject
Global
	GlobalSection(SolutionConfigurationPlatforms) = preSolution
		Debug|Any CPU = Debug|Any CPU
		Release|Any CPU = Release|Any CPU
	EndGlobalSection
	GlobalSection(ProjectConfigurationPlatforms) = postSolution
		{15A7E840-560E-4D59-A269-5129913A7D3F}.Debug|Any CPU.ActiveCfg = Debug|Any CPU
		{15A7E840-560E-4D59-A269-5129913A7D3F}.Debug|Any CPU.Build.0 = Debug|Any CPU
		{15A7E840-560E-4D59-A269-5129913A7D3F}.Release|Any CPU.ActiveCfg = Release|Any CPU
		{15A7E840-560E-4D59-A269-5129913A7D3F}.Release|Any CPU.Build.0 = Release|Any CPU
		{1FB34FF3-B06A-434F-93AC-D41C142B48E9}.Debug|Any CPU.ActiveCfg = Debug|Any CPU
		{1FB34FF3-B06A-434F-93AC-D41C142B48E9}.Debug|Any CPU.Build.0 = Debug|Any CPU
		{1FB34FF3-B06A-434F-93AC-D41C142B48E9}.Release|Any CPU.ActiveCfg = Release|Any CPU
		{1FB34FF3-B06A-434F-93AC-D41C142B48E9}.Release|Any CPU.Build.0 = Release|Any CPU
		{6C20FBB2-5B91-477D-9521-6A749FF81E45}.Debug|Any CPU.ActiveCfg = Debug|Any CPU
		{6C20FBB2-5B91-477D-9521-6A749FF81E45}.Debug|Any CPU.Build.0 = Debug|Any CPU
		{6C20FBB2-5B91-477D-9521-6A749FF81E45}.Release|Any CPU.ActiveCfg = Release|Any CPU
		{6C20FBB2-5B91-477D-9521-6A749FF81E45}.Release|Any CPU.Build.0 = Release|Any CPU
		{80332789-DCFF-4543-BFFE-08005F80B18A}.Debug|Any CPU.ActiveCfg = Debug|Any CPU
		{80332789-DCFF-4543-BFFE-08005F80B18A}.Debug|Any CPU.Build.0 = Debug|Any CPU
		{80332789-DCFF-4543-BFFE-08005F80B18A}.Release|Any CPU.ActiveCfg = Release|Any CPU
		{80332789-DCFF-4543-BFFE-08005F80B18A}.Release|Any CPU.Build.0 = Release|Any CPU
	EndGlobalSection
	GlobalSection(SolutionProperties) = preSolution
		HideSolutionNode = FALSE
	EndGlobalSection
EndGlobal
